
Microsoft Visual Studio Solution File, Format Version 12.00
# Visual Studio Version 17
VisualStudioVersion = 17.1.32328.378
MinimumVisualStudioVersion = 10.0.40219.1
Project("{9A19103F-16F7-4668-BE54-9A1E7A4F7556}") = "Backend.API", "Backend.API\Backend.API.csproj", "{582D11FB-0DC7-4A17-9E4D-40459A18A630}"
EndProject
Project("{FAE04EC0-301F-11D3-BF4B-00C04F79EFBC}") = "Backend.Constant", "Backend.Constant\Backend.Constant.csproj", "{D8B493E7-671E-4CBE-867C-1490CE81A152}"
EndProject
Project("{2150E333-8FDC-42A3-9474-1A3956D46DE8}") = "Documentation", "Documentation", "{4647EF5F-B7C8-4D70-BB98-936FF2CA2727}"
	ProjectSection(SolutionItems) = preProject
		Improvements.txt = Improvements.txt
		Documentation\NASA Request example.txt = Documentation\NASA Request example.txt
		Documentation\NASA Response example.txt = Documentation\NASA Response example.txt
	EndProjectSection
EndProject
Project("{2150E333-8FDC-42A3-9474-1A3956D46DE8}") = "Deploy", "Deploy", "{2F2AF15E-3355-42F8-A974-82C35F16B190}"
EndProject
Project("{2150E333-8FDC-42A3-9474-1A3956D46DE8}") = "Test", "Test", "{B2CB17C1-3E41-437A-9377-89FC72BB2D92}"
EndProject
Global
	GlobalSection(SolutionConfigurationPlatforms) = preSolution
		Debug|Any CPU = Debug|Any CPU
		Release|Any CPU = Release|Any CPU
	EndGlobalSection
	GlobalSection(ProjectConfigurationPlatforms) = postSolution
		{582D11FB-0DC7-4A17-9E4D-40459A18A630}.Debug|Any CPU.ActiveCfg = Debug|Any CPU
		{582D11FB-0DC7-4A17-9E4D-40459A18A630}.Debug|Any CPU.Build.0 = Debug|Any CPU
		{582D11FB-0DC7-4A17-9E4D-40459A18A630}.Release|Any CPU.ActiveCfg = Release|Any CPU
		{582D11FB-0DC7-4A17-9E4D-40459A18A630}.Release|Any CPU.Build.0 = Release|Any CPU
		{D8B493E7-671E-4CBE-867C-1490CE81A152}.Debug|Any CPU.ActiveCfg = Debug|Any CPU
		{D8B493E7-671E-4CBE-867C-1490CE81A152}.Debug|Any CPU.Build.0 = Debug|Any CPU
		{D8B493E7-671E-4CBE-867C-1490CE81A152}.Release|Any CPU.ActiveCfg = Release|Any CPU
		{D8B493E7-671E-4CBE-867C-1490CE81A152}.Release|Any CPU.Build.0 = Release|Any CPU
	EndGlobalSection
	GlobalSection(SolutionProperties) = preSolution
		HideSolutionNode = FALSE
	EndGlobalSection
	GlobalSection(ExtensibilityGlobals) = postSolution
		SolutionGuid = {4B89FE8C-585F-4B89-8470-4C9AC0D4A9F8}
	EndGlobalSection
EndGlobal
